<?xml version="1.0" encoding="utf-8"?>
<Project ToolsVersion="4.0" xmlns="http://schemas.microsoft.com/developer/msbuild/2003">
  <ItemGroup>
    <ClCompile Include="..\deps\include\src\glad.c" />
    <ClCompile Include="AbstractMaterial.cpp" />
    <ClCompile Include="ButtonComponent.cpp" />
    <ClCompile Include="CameraComponent.cpp" />
    <ClCompile Include="Canvas.cpp" />
    <ClCompile Include="ColorMaterial.cpp" />
    <ClCompile Include="Component.cpp" />
    <ClCompile Include="Debug.cpp" />
    <ClCompile Include="font.cpp" />
    <ClCompile Include="FreeMovementComponent.cpp" />
    <ClCompile Include="GameObject.cpp" />
    <ClCompile Include="Input.cpp" />
    <ClCompile Include="LightComponent.cpp" />
    <ClCompile Include="main.cpp" />
    <ClCompile Include="MapMovementComponent.cpp" />
    <ClCompile Include="Mathf.cpp" />
    <ClCompile Include="Mesh.cpp" />
    <ClCompile Include="MeshComponent.cpp" />
    <ClCompile Include="PhysicsComponent.cpp" />
    <ClCompile Include="PhysicsEngine.cpp" />
    <ClCompile Include="PXGGame.cpp" />
    <ClCompile Include="PXGWindow.cpp" />
    <ClCompile Include="RayCastShooter.cpp" />
    <ClCompile Include="RenderingEngine.cpp" />
    <ClCompile Include="RotatorComponent.cpp" />
    <ClCompile Include="Shader.cpp" />
    <ClCompile Include="StandardLitMaterial.cpp" />
    <ClCompile Include="TextureMaterial.cpp" />
    <ClCompile Include="Time.cpp" />
    <ClCompile Include="Transform.cpp" />
    <ClCompile Include="UIObject.cpp" />
    <ClCompile Include="Utils.cpp" />
    <ClCompile Include="Vector3.cpp" />
    <ClCompile Include="Game.cpp" />
    <ClCompile Include="World.cpp" />
    <ClCompile Include="Subject.cpp" />
    <ClCompile Include="SpecificOnClick.cpp" />
  </ItemGroup>
  <ItemGroup>
    <ClInclude Include="AbstractMaterial.h" />
    <ClInclude Include="AxisAngle.h" />
    <ClInclude Include="ButtonComponent.h" />
    <ClInclude Include="CameraComponent.h" />
    <ClInclude Include="Canvas.h" />
    <ClInclude Include="ColorMaterial.h" />
    <ClInclude Include="Component.h" />
    <ClInclude Include="FileConfig.h" />
    <ClInclude Include="Debug.h" />
    <ClInclude Include="font.h" />
    <ClInclude Include="FreeMovementComponent.h" />
    <ClInclude Include="GameObject.h" />
    <ClInclude Include="GLMHeaders.h" />
    <ClInclude Include="HitInfo.h" />
    <ClInclude Include="Input.h" />
    <ClInclude Include="InventoryComponent.h" />
    <ClInclude Include="Item.h" />
    <ClInclude Include="ItemRegistry.h" />
    <ClInclude Include="KeyCode.h" />
    <ClInclude Include="LevelLoader.h" />
    <ClInclude Include="TileMetaData.h" />
    <ClInclude Include="LightComponent.h" />
    <ClInclude Include="MapMovementComponent.h" />
    <ClInclude Include="Mat4.h" />
    <ClInclude Include="Mathf.h" />
    <ClInclude Include="Mesh.h" />
    <ClInclude Include="MeshComponent.h" />
    <ClInclude Include="PhysicsComponent.h" />
    <ClInclude Include="PhysicsEngine.h" />
    <ClInclude Include="PXGGame.h" />
    <ClInclude Include="PXGWindow.h" />
    <ClInclude Include="Quaternion.h" />
    <ClInclude Include="RayCastShooter.h" />
    <ClInclude Include="RenderingEngine.h" />
    <ClInclude Include="RotatorComponent.h" />
    <ClInclude Include="Shader.h" />
    <ClInclude Include="StandardLitMaterial.h" />
    <ClInclude Include="Texture.h" />
    <ClInclude Include="TextureMaterial.h" />
    <ClInclude Include="Tile.h" />
    <ClInclude Include="Time.h" />
    <ClInclude Include="Transform.h" />
    <ClInclude Include="UIObject.h" />
    <ClInclude Include="Utils.h" />
    <ClInclude Include="Vector3.h" />
    <ClInclude Include="Game.h" />
    <ClInclude Include="World.h" />
    <ClInclude Include="Subject.h" />
    <ClInclude Include="Subscriber.h" />
    <ClInclude Include="AbstractOnClick.h" />
    <ClInclude Include="SpecificOnClick.h" />
    <ClInclude Include="Vector2.h" />
  </ItemGroup>
</Project>