<?xml version="1.0" encoding="utf-8"?>
<Project ToolsVersion="4.0" xmlns="http://schemas.microsoft.com/developer/msbuild/2003">
  <ItemGroup>
    <ClCompile Include="..\deps\include\src\glad.c" />
    <ClCompile Include="ButtonComponent.cpp" />
    <ClCompile Include="CameraComponent.cpp" />
    <ClCompile Include="Canvas.cpp" />
    <ClCompile Include="ColorMaterial.cpp" />
    <ClCompile Include="Component.cpp" />
    <ClCompile Include="Debug.cpp" />
    <ClCompile Include="font.cpp" />
    <ClCompile Include="FreeMovementComponent.cpp" />
    <ClCompile Include="GameObject.cpp" />
    <ClCompile Include="Input.cpp" />
    <ClCompile Include="LightComponent.cpp" />
    <ClCompile Include="main.cpp" />
    <ClCompile Include="MapMovementComponent.cpp" />
    <ClCompile Include="Mathf.cpp" />
    <ClCompile Include="Mesh.cpp" />
    <ClCompile Include="MeshComponent.cpp" />
    <ClCompile Include="NodeGraph.cpp" />
    <ClCompile Include="pfinder\AStar.cpp" />
    <ClCompile Include="pfinder\Dijkstra.cpp" />
    <ClCompile Include="PhysicsComponent.cpp" />
    <ClCompile Include="PhysicsEngine.cpp" />
    <ClCompile Include="PXGGame.cpp" />
    <ClCompile Include="PXGWindow.cpp" />
    <ClCompile Include="RayCastShooter.cpp" />
    <ClCompile Include="RenderingEngine.cpp" />
    <ClCompile Include="RotatorComponent.cpp" />
    <ClCompile Include="Shader.cpp" />
    <ClCompile Include="SpecificOnClick.cpp" />
    <ClCompile Include="StandardLitMaterial.cpp" />
    <ClCompile Include="Subject.cpp" />
    <ClCompile Include="TextComponent.cpp" />
    <ClCompile Include="TextureMaterial.cpp" />
    <ClCompile Include="Time.cpp" />
    <ClCompile Include="Transform.cpp" />
    <ClCompile Include="Game.cpp" />
    <ClCompile Include="World.cpp" />
    <ClCompile Include="AxisAngle.cpp" />
    <ClCompile Include="RockPushComponent.cpp" />
    <ClCompile Include="TriggerComponent.cpp" />
    <ClCompile Include="FollowPlayerComponent.cpp" />
    <ClCompile Include="pfinder\Node.cpp" />
    <ClCompile Include="RayCastHitHandler.cpp" />
    <ClCompile Include="PXGEditor.cpp" />
    <ClCompile Include="imgui\imgui.cpp" />
    <ClCompile Include="imgui\imgui_demo.cpp" />
    <ClCompile Include="imgui\imgui_draw.cpp" />
    <ClCompile Include="imgui\imgui_widgets.cpp" />
    <ClCompile Include="imgui\examples\imgui_impl_opengl3.cpp" />
    <ClCompile Include="imgui\examples\imgui_impl_glfw.cpp" />
    <ClCompile Include="AudioSource.cpp" />
    <ClCompile Include="LerpedMoverComponent.cpp" />
    <ClCompile Include="AbstractCommand.cpp" />
    <ClCompile Include="AbstractMovementCommand.cpp" />
    <ClCompile Include="LerpMovementCommand.cpp" />
    <ClCompile Include="JumperComponent.cpp" />
    <ClCompile Include="PXGNode.cpp" />
    <ClCompile Include="AbstractEventComponent.cpp" />
    <ClCompile Include="JumperComponent.cpp" />
    <ClCompile Include="AbstractCommand.cpp" />
    <ClCompile Include="GrandpaComponent.cpp" />
    <ClCompile Include="WolfBehaviourComponent.cpp" />
    <ClCompile Include="PlayerRotatorComponent.cpp" />
    <ClCompile Include="CameraRotator.cpp" />
  </ItemGroup>
  <ItemGroup>
    <ClInclude Include="AbstractMaterial.h" />
    <ClInclude Include="AbstractOnClick.h" />
    <ClInclude Include="AxisAngle.h" />
    <ClInclude Include="ButtonComponent.h" />
    <ClInclude Include="CameraComponent.h" />
    <ClInclude Include="Canvas.h" />
    <ClInclude Include="CollisionCubeParams.h" />
    <ClInclude Include="ColorMaterial.h" />
    <ClInclude Include="Component.h" />
    <ClInclude Include="EnergyCounterComponent.h" />
    <ClInclude Include="FileConfig.h" />
    <ClInclude Include="Debug.h" />
    <ClInclude Include="font.h" />
    <ClInclude Include="FreeMovementComponent.h" />
    <ClInclude Include="GameObject.h" />
    <ClInclude Include="GLMHeaders.h" />
    <ClInclude Include="HitInfo.h" />
    <ClInclude Include="Input.h" />
    <ClInclude Include="InventoryComponent.h" />
    <ClInclude Include="Item.h" />
    <ClInclude Include="ItemRegistry.h" />
    <ClInclude Include="KeyCode.h" />
    <ClInclude Include="LevelLoader.h" />
    <ClInclude Include="NodeGraph.h" />
    <ClInclude Include="PathFinder.hpp" />
    <ClInclude Include="pfinder\AStar.h" />
    <ClInclude Include="pfinder\Dijkstra.h" />
    <ClInclude Include="pfinder\Node.h" />
    <ClInclude Include="pfinder\PathAlgorithm.h" />
    <ClInclude Include="pfinder\PathFinder.h" />
    <ClInclude Include="PXGEditor.h" />
    <ClInclude Include="RasterizationMode.h" />
    <ClInclude Include="ScreenSize.h" />
    <ClInclude Include="SpecificOnClick.h" />
    <ClInclude Include="stb_image.h" />
    <ClInclude Include="Subject.h" />
    <ClInclude Include="Subscriber.h" />
    <ClInclude Include="TextComponent.h" />
    <ClInclude Include="TileMetaData.h" />
    <ClInclude Include="LightComponent.h" />
    <ClInclude Include="MapMovementComponent.h" />
    <ClInclude Include="Mat4.h" />
    <ClInclude Include="Mathf.h" />
    <ClInclude Include="Mesh.h" />
    <ClInclude Include="MeshComponent.h" />
    <ClInclude Include="PhysicsComponent.h" />
    <ClInclude Include="PhysicsEngine.h" />
    <ClInclude Include="PXGGame.h" />
    <ClInclude Include="PXGWindow.h" />
    <ClInclude Include="Quaternion.h" />
    <ClInclude Include="RayCastShooter.h" />
    <ClInclude Include="RenderingEngine.h" />
    <ClInclude Include="RotatorComponent.h" />
    <ClInclude Include="Shader.h" />
    <ClInclude Include="StandardLitMaterial.h" />
    <ClInclude Include="Texture.h" />
    <ClInclude Include="TextureMaterial.h" />
    <ClInclude Include="Tile.h" />
    <ClInclude Include="Time.h" />
    <ClInclude Include="Transform.h" />
    <ClInclude Include="UIObject.h" />
    <ClInclude Include="Utils.h" />
    <ClInclude Include="Vector2.h" />
    <ClInclude Include="Vector3.h" />
    <ClInclude Include="Game.h" />
    <ClInclude Include="World.h" />
    <ClInclude Include="RockPushComponent.h" />
    <ClInclude Include="TriggerComponent.h" />
    <ClInclude Include="FollowPlayerComponent.h" />
    <ClInclude Include="RayCastHitHandler.h" />
    <ClInclude Include="AudioClip.hpp" />
    <ClInclude Include="imgui\imconfig.h" />
    <ClInclude Include="imgui\imgui.h" />
    <ClInclude Include="imgui\imgui_internal.h" />
    <ClInclude Include="imgui\imstb_rectpack.h" />
    <ClInclude Include="imgui\imstb_textedit.h" />
    <ClInclude Include="imgui\imstb_truetype.h" />
    <ClInclude Include="imgui\examples\imgui_impl_opengl3.h" />
    <ClInclude Include="imgui\examples\imgui_impl_glfw.h" />
    <ClInclude Include="AudioEngine.hpp" />
    <ClInclude Include="AudioSource.h" />
    <ClInclude Include="LerpedMoverComponent.h" />
    <ClInclude Include="AbstractCommand.h" />
    <ClInclude Include="AbstractMovementCommand.h" />
    <ClInclude Include="LerpMovementCommand.h" />
    <ClInclude Include="JumperComponent.h" />
    <ClInclude Include="NodeToPositionContainer.h" />
    <ClInclude Include="PXGNode.h" />
    <ClInclude Include="JumperComponent.h" />
    <ClInclude Include="AbstractCommand.h" />
    <ClInclude Include="AbstractEventComponent.h" />
    <ClInclude Include="BridgeComponent.hpp" />
    <ClInclude Include="Trigger.h" />
    <ClInclude Include="NodeGraphDistTrigger.h" />
    <ClInclude Include="OnClickTrigger.hpp" />
    <ClInclude Include="CompoundDistanceOnClickTrigger.hpp" />
    <ClInclude Include="NodeClearComponent.h" />
    <ClInclude Include="GrandpaComponent.h" />

    <ClInclude Include="WolfBehaviourComponent.h" />

    <ClInclude Include="PlayerRotatorComponent.h" />
    <ClInclude Include="TriggerFactoryComponent.h" />
    <ClInclude Include="CameraRotator.h" />

  </ItemGroup>
  <ItemGroup>
    <None Include="PXGColor.vert.glsl" />
    <None Include="PXGColor.frag.glsl" />
  </ItemGroup>
  <ItemGroup>
    <Library Include="assimp-vc141-mtd.lib" />
  </ItemGroup>
</Project>