<?xml version="1.0" encoding="utf-8"?>
<Project ToolsVersion="4.0" xmlns="http://schemas.microsoft.com/developer/msbuild/2003">
  <ItemGroup>
    <Filter Include="Source Files">
      <UniqueIdentifier>{4FC737F1-C7A5-4376-A066-2A32D752A2FF}</UniqueIdentifier>
      <Extensions>cpp;c;cc;cxx;def;odl;idl;hpj;bat;asm;asmx</Extensions>
    </Filter>
    <Filter Include="Header Files">
      <UniqueIdentifier>{93995380-89BD-4b04-88EB-625FBE52EBFB}</UniqueIdentifier>
      <Extensions>h;hh;hpp;hxx;hm;inl;inc;ipp;xsd</Extensions>
    </Filter>
    <Filter Include="Resource Files">
      <UniqueIdentifier>{67DA6AB6-F800-4c08-8B7A-83BB121AAD01}</UniqueIdentifier>
      <Extensions>rc;ico;cur;bmp;dlg;rc2;rct;bin;rgs;gif;jpg;jpeg;jpe;resx;tiff;tif;png;wav;mfcribbon-ms</Extensions>
    </Filter>
    <Filter Include="Header Files\core">
      <UniqueIdentifier>{03fc3986-7bf1-427d-ae64-9a3857da761d}</UniqueIdentifier>
    </Filter>
    <Filter Include="Header Files\materials">
      <UniqueIdentifier>{01dac92e-37c0-4e82-8c3d-6bc07af2cf60}</UniqueIdentifier>
    </Filter>
    <Filter Include="Header Files\components">
      <UniqueIdentifier>{f81e5411-ddb9-4351-a94b-dcadfb656a6a}</UniqueIdentifier>
    </Filter>
    <Filter Include="Header Files\math">
      <UniqueIdentifier>{ea505fdb-02d0-4bc2-95f3-9926923aea6e}</UniqueIdentifier>
    </Filter>
    <Filter Include="Source Files\components">
      <UniqueIdentifier>{2fbf2a3c-3e4a-4449-a4fa-c137f836ff60}</UniqueIdentifier>
    </Filter>
    <Filter Include="Source Files\materials">
      <UniqueIdentifier>{7a9473bf-b89e-482b-8f6b-43a2f0d07711}</UniqueIdentifier>
    </Filter>
    <Filter Include="Header Files\input">
      <UniqueIdentifier>{51a40922-537d-4f8f-b200-636096669433}</UniqueIdentifier>
    </Filter>
    <Filter Include="Source Files\math">
      <UniqueIdentifier>{5c8c09d2-10e9-430e-9900-680de3ef074c}</UniqueIdentifier>
    </Filter>
    <Filter Include="Source Files\input">
      <UniqueIdentifier>{c45ce58a-4f7b-4aae-8a3d-f4a3a4d19e5b}</UniqueIdentifier>
    </Filter>
    <Filter Include="Source Files\core">
      <UniqueIdentifier>{db94e042-9aa2-4ae8-a5eb-352ff43efcba}</UniqueIdentifier>
    </Filter>
  </ItemGroup>
  <ItemGroup>
    <ClCompile Include="main.cpp">
      <Filter>Source Files</Filter>
    </ClCompile>
    <ClCompile Include="..\deps\include\src\glad.c">
      <Filter>Source Files</Filter>
    </ClCompile>
    <ClCompile Include="AbstractMaterial.cpp">
      <Filter>Source Files\materials</Filter>
    </ClCompile>
    <ClCompile Include="CameraComponent.cpp">
      <Filter>Source Files\components</Filter>
    </ClCompile>
    <ClCompile Include="ColorMaterial.cpp">
      <Filter>Source Files\materials</Filter>
    </ClCompile>
    <ClCompile Include="Component.cpp">
      <Filter>Source Files\components</Filter>
    </ClCompile>
    <ClCompile Include="FreeMovementComponent.cpp">
      <Filter>Source Files\components</Filter>
    </ClCompile>
    <ClCompile Include="TextureMaterial.cpp">
      <Filter>Source Files\materials</Filter>
    </ClCompile>
    <ClCompile Include="StandardLitMaterial.cpp">
      <Filter>Source Files\materials</Filter>
    </ClCompile>
    <ClCompile Include="LightComponent.cpp">
      <Filter>Source Files\components</Filter>
    </ClCompile>
    <ClCompile Include="Input.cpp">
      <Filter>Source Files\input</Filter>
    </ClCompile>
    <ClCompile Include="MeshComponent.cpp">
      <Filter>Source Files\components</Filter>
    </ClCompile>
    <ClCompile Include="PhysicsComponent.cpp">
      <Filter>Source Files\components</Filter>
    </ClCompile>
    <ClCompile Include="Debug.cpp">
      <Filter>Source Files\core</Filter>
    </ClCompile>
    <ClCompile Include="Game.cpp">
      <Filter>Source Files\core</Filter>
    </ClCompile>
    <ClCompile Include="GameObject.cpp">
      <Filter>Source Files\core</Filter>
    </ClCompile>
    <ClCompile Include="Mathf.cpp">
      <Filter>Source Files\math</Filter>
    </ClCompile>
    <ClCompile Include="Mesh.cpp">
      <Filter>Source Files\core</Filter>
    </ClCompile>
    <ClCompile Include="PhysicsEngine.cpp">
      <Filter>Source Files\core</Filter>
    </ClCompile>
    <ClCompile Include="PXGGame.cpp">
      <Filter>Source Files\core</Filter>
    </ClCompile>
    <ClCompile Include="PXGWindow.cpp">
      <Filter>Source Files\core</Filter>
    </ClCompile>
    <ClCompile Include="RenderingEngine.cpp">
      <Filter>Source Files\core</Filter>
    </ClCompile>
    <ClCompile Include="RotatorComponent.cpp">
      <Filter>Source Files\components</Filter>
    </ClCompile>
    <ClCompile Include="Shader.cpp">
      <Filter>Source Files\core</Filter>
    </ClCompile>
    <ClCompile Include="Time.cpp">
      <Filter>Source Files\core</Filter>
    </ClCompile>
    <ClCompile Include="Transform.cpp">
      <Filter>Source Files\core</Filter>
    </ClCompile>
    <ClCompile Include="Utils.cpp">
      <Filter>Source Files\core</Filter>
    </ClCompile>
    <ClCompile Include="Vector3.cpp">
      <Filter>Source Files\math</Filter>
    </ClCompile>
    <ClCompile Include="World.cpp">
      <Filter>Source Files\core</Filter>
    </ClCompile>
  </ItemGroup>
  <ItemGroup>
    <ClInclude Include="core\PhysicsEngine.h">
      <Filter>Header Files\core</Filter>
    </ClInclude>
    <ClInclude Include="core\RenderingEngine.h">
      <Filter>Header Files\core</Filter>
    </ClInclude>
    <ClInclude Include="Component.h">
      <Filter>Header Files\components</Filter>
    </ClInclude>
    <ClInclude Include="MeshComponent.h">
      <Filter>Header Files\components</Filter>
    </ClInclude>
    <ClInclude Include="PhysicsComponent.h">
      <Filter>Header Files\components</Filter>
    </ClInclude>
    <ClInclude Include="AbstractMaterial.h">
      <Filter>Header Files\materials</Filter>
    </ClInclude>
    <ClInclude Include="FileConfig.h">
      <Filter>Header Files</Filter>
    </ClInclude>
    <ClInclude Include="ColorMaterial.h">
      <Filter>Header Files\materials</Filter>
    </ClInclude>
    <ClInclude Include="Mat4.h">
      <Filter>Header Files\math</Filter>
    </ClInclude>
    <ClInclude Include="Quaternion.h">
      <Filter>Header Files\math</Filter>
    </ClInclude>
    <ClInclude Include="Vector3.h">
      <Filter>Header Files\math</Filter>
    </ClInclude>
    <ClInclude Include="CameraComponent.h">
      <Filter>Header Files\components</Filter>
    </ClInclude>
    <ClInclude Include="FreeMovementComponent.h">
      <Filter>Header Files\components</Filter>
    </ClInclude>
    <ClInclude Include="AxisAngle.h">
      <Filter>Header Files\math</Filter>
    </ClInclude>
    <ClInclude Include="RotatorComponent.h">
      <Filter>Header Files\components</Filter>
    </ClInclude>
    <ClInclude Include="Mathf.h">
      <Filter>Header Files\math</Filter>
    </ClInclude>
    <ClInclude Include="TextureMaterial.h">
      <Filter>Header Files\materials</Filter>
    </ClInclude>
    <ClInclude Include="LightComponent.h">
      <Filter>Header Files\components</Filter>
    </ClInclude>
    <ClInclude Include="StandardLitMaterial.h">
      <Filter>Header Files\materials</Filter>
    </ClInclude>
    <ClInclude Include="Input.h">
      <Filter>Header Files\input</Filter>
    </ClInclude>
    <ClInclude Include="GLMHeaders.h">
      <Filter>Header Files\math</Filter>
    </ClInclude>
    <ClInclude Include="Debug.h">
      <Filter>Header Files\core</Filter>
    </ClInclude>
    <ClInclude Include="Game.h">
      <Filter>Header Files\core</Filter>
    </ClInclude>
    <ClInclude Include="GameObject.h">
      <Filter>Header Files\core</Filter>
    </ClInclude>
    <ClInclude Include="PXGGame.h">
      <Filter>Header Files\core</Filter>
    </ClInclude>
    <ClInclude Include="PXGWindow.h">
      <Filter>Header Files\core</Filter>
    </ClInclude>
    <ClInclude Include="Utils.h">
      <Filter>Header Files\core</Filter>
    </ClInclude>
    <ClInclude Include="Time.h">
      <Filter>Header Files\core</Filter>
    </ClInclude>
    <ClInclude Include="Transform.h">
      <Filter>Header Files\core</Filter>
    </ClInclude>
    <ClInclude Include="World.h">
      <Filter>Header Files\core</Filter>
    </ClInclude>
    <ClInclude Include="KeyCode.h">
      <Filter>Header Files\input</Filter>
    </ClInclude>
    <ClInclude Include="Mesh.h">
      <Filter>Header Files\core</Filter>
    </ClInclude>
    <ClInclude Include="Shader.h">
      <Filter>Header Files\core</Filter>
    </ClInclude>
    <ClInclude Include="Texture.h">
      <Filter>Header Files\core</Filter>
    </ClInclude>
  </ItemGroup>
</Project>